// !$*UTF8*$!
{
	archiveVersion = 1;
	classes = {
	};
	objectVersion = 50;
	objects = {

/* Begin PBXBuildFile section */
		7A0C67F024EA72B200871B7F /* AppDelegate.swift in Sources */ = {isa = PBXBuildFile; fileRef = 7A0C67EF24EA72B200871B7F /* AppDelegate.swift */; };
		7A0C67F224EA72B200871B7F /* SceneDelegate.swift in Sources */ = {isa = PBXBuildFile; fileRef = 7A0C67F124EA72B200871B7F /* SceneDelegate.swift */; };
		7A0C67F424EA72B200871B7F /* TriathleteVC.swift in Sources */ = {isa = PBXBuildFile; fileRef = 7A0C67F324EA72B200871B7F /* TriathleteVC.swift */; };
		7A0C67F724EA72B200871B7F /* Main.storyboard in Resources */ = {isa = PBXBuildFile; fileRef = 7A0C67F524EA72B200871B7F /* Main.storyboard */; };
		7A0C67F924EA72B300871B7F /* Assets.xcassets in Resources */ = {isa = PBXBuildFile; fileRef = 7A0C67F824EA72B300871B7F /* Assets.xcassets */; };
		7A0C67FC24EA72B300871B7F /* LaunchScreen.storyboard in Resources */ = {isa = PBXBuildFile; fileRef = 7A0C67FA24EA72B300871B7F /* LaunchScreen.storyboard */; };
		7A0C680424EA72F300871B7F /* Triathlete.swift in Sources */ = {isa = PBXBuildFile; fileRef = 7A0C680324EA72F300871B7F /* Triathlete.swift */; };
		7A0C680624EA732300871B7F /* TriathleteCell.swift in Sources */ = {isa = PBXBuildFile; fileRef = 7A0C680524EA732300871B7F /* TriathleteCell.swift */; };
		7A0C680824EA78CE00871B7F /* DetailVC.swift in Sources */ = {isa = PBXBuildFile; fileRef = 7A0C680724EA78CE00871B7F /* DetailVC.swift */; };
/* End PBXBuildFile section */

/* Begin PBXFileReference section */
		7A0C67EC24EA72B200871B7F /* tri.app */ = {isa = PBXFileReference; explicitFileType = wrapper.application; includeInIndex = 0; path = tri.app; sourceTree = BUILT_PRODUCTS_DIR; };
		7A0C67EF24EA72B200871B7F /* AppDelegate.swift */ = {isa = PBXFileReference; lastKnownFileType = sourcecode.swift; path = AppDelegate.swift; sourceTree = "<group>"; };
		7A0C67F124EA72B200871B7F /* SceneDelegate.swift */ = {isa = PBXFileReference; lastKnownFileType = sourcecode.swift; path = SceneDelegate.swift; sourceTree = "<group>"; };
		7A0C67F324EA72B200871B7F /* TriathleteVC.swift */ = {isa = PBXFileReference; lastKnownFileType = sourcecode.swift; path = TriathleteVC.swift; sourceTree = "<group>"; };
		7A0C67F624EA72B200871B7F /* Base */ = {isa = PBXFileReference; lastKnownFileType = file.storyboard; name = Base; path = Base.lproj/Main.storyboard; sourceTree = "<group>"; };
		7A0C67F824EA72B300871B7F /* Assets.xcassets */ = {isa = PBXFileReference; lastKnownFileType = folder.assetcatalog; path = Assets.xcassets; sourceTree = "<group>"; };
		7A0C67FB24EA72B300871B7F /* Base */ = {isa = PBXFileReference; lastKnownFileType = file.storyboard; name = Base; path = Base.lproj/LaunchScreen.storyboard; sourceTree = "<group>"; };
		7A0C67FD24EA72B300871B7F /* Info.plist */ = {isa = PBXFileReference; lastKnownFileType = text.plist.xml; path = Info.plist; sourceTree = "<group>"; };
		7A0C680324EA72F300871B7F /* Triathlete.swift */ = {isa = PBXFileReference; lastKnownFileType = sourcecode.swift; path = Triathlete.swift; sourceTree = "<group>"; };
		7A0C680524EA732300871B7F /* TriathleteCell.swift */ = {isa = PBXFileReference; lastKnownFileType = sourcecode.swift; path = TriathleteCell.swift; sourceTree = "<group>"; };
		7A0C680724EA78CE00871B7F /* DetailVC.swift */ = {isa = PBXFileReference; lastKnownFileType = sourcecode.swift; path = DetailVC.swift; sourceTree = "<group>"; };
/* End PBXFileReference section */

/* Begin PBXFrameworksBuildPhase section */
		7A0C67E924EA72B200871B7F /* Frameworks */ = {
			isa = PBXFrameworksBuildPhase;
			buildActionMask = 2147483647;
			files = (
			);
			runOnlyForDeploymentPostprocessing = 0;
		};
/* End PBXFrameworksBuildPhase section */

/* Begin PBXGroup section */
		7A0C67E324EA72B200871B7F = {
			isa = PBXGroup;
			children = (
				7A0C67EE24EA72B200871B7F /* tri */,
				7A0C67ED24EA72B200871B7F /* Products */,
			);
			sourceTree = "<group>";
		};
		7A0C67ED24EA72B200871B7F /* Products */ = {
			isa = PBXGroup;
			children = (
				7A0C67EC24EA72B200871B7F /* tri.app */,
			);
			name = Products;
			sourceTree = "<group>";
		};
		7A0C67EE24EA72B200871B7F /* tri */ = {
			isa = PBXGroup;
			children = (
				7A9CCEF0256D580B00E82079 /* ViewControllers */,
				7A9CCEEF256D57F900E82079 /* Model */,
				7A0C67EF24EA72B200871B7F /* AppDelegate.swift */,
				7A0C67F124EA72B200871B7F /* SceneDelegate.swift */,
				7A0C67F524EA72B200871B7F /* Main.storyboard */,
				7A0C67F824EA72B300871B7F /* Assets.xcassets */,
				7A0C67FA24EA72B300871B7F /* LaunchScreen.storyboard */,
				7A0C67FD24EA72B300871B7F /* Info.plist */,
			);
			path = tri;
			sourceTree = "<group>";
		};
		7A9CCEEF256D57F900E82079 /* Model */ = {
			isa = PBXGroup;
			children = (
				7A0C680324EA72F300871B7F /* Triathlete.swift */,
			);
			path = Model;
			sourceTree = "<group>";
		};
		7A9CCEF0256D580B00E82079 /* ViewControllers */ = {
			isa = PBXGroup;
			children = (
				7A0C67F324EA72B200871B7F /* TriathleteVC.swift */,
				7A0C680724EA78CE00871B7F /* DetailVC.swift */,
				7A9CCEF1256D582300E82079 /* Celll */,
			);
			path = ViewControllers;
			sourceTree = "<group>";
		};
		7A9CCEF1256D582300E82079 /* Celll */ = {
			isa = PBXGroup;
			children = (
				7A0C680524EA732300871B7F /* TriathleteCell.swift */,
			);
			path = Celll;
			sourceTree = "<group>";
		};
/* End PBXGroup section */

/* Begin PBXNativeTarget section */
		7A0C67EB24EA72B200871B7F /* tri */ = {
			isa = PBXNativeTarget;
			buildConfigurationList = 7A0C680024EA72B300871B7F /* Build configuration list for PBXNativeTarget "tri" */;
			buildPhases = (
				7A0C67E824EA72B200871B7F /* Sources */,
				7A0C67E924EA72B200871B7F /* Frameworks */,
				7A0C67EA24EA72B200871B7F /* Resources */,
			);
			buildRules = (
			);
			dependencies = (
			);
			name = tri;
			productName = tri;
			productReference = 7A0C67EC24EA72B200871B7F /* tri.app */;
			productType = "com.apple.product-type.application";
		};
/* End PBXNativeTarget section */

/* Begin PBXProject section */
		7A0C67E424EA72B200871B7F /* Project object */ = {
			isa = PBXProject;
			attributes = {
				LastSwiftUpdateCheck = 1150;
				LastUpgradeCheck = 1150;
				ORGANIZATIONNAME = "Eryk Szcześniak";
				TargetAttributes = {
					7A0C67EB24EA72B200871B7F = {
						CreatedOnToolsVersion = 11.5;
					};
				};
			};
			buildConfigurationList = 7A0C67E724EA72B200871B7F /* Build configuration list for PBXProject "tri" */;
			compatibilityVersion = "Xcode 9.3";
			developmentRegion = en;
			hasScannedForEncodings = 0;
			knownRegions = (
				en,
				Base,
			);
			mainGroup = 7A0C67E324EA72B200871B7F;
			productRefGroup = 7A0C67ED24EA72B200871B7F /* Products */;
			projectDirPath = "";
			projectRoot = "";
			targets = (
				7A0C67EB24EA72B200871B7F /* tri */,
			);
		};
/* End PBXProject section */

/* Begin PBXResourcesBuildPhase section */
		7A0C67EA24EA72B200871B7F /* Resources */ = {
			isa = PBXResourcesBuildPhase;
			buildActionMask = 2147483647;
			files = (
				7A0C67FC24EA72B300871B7F /* LaunchScreen.storyboard in Resources */,
				7A0C67F924EA72B300871B7F /* Assets.xcassets in Resources */,
				7A0C67F724EA72B200871B7F /* Main.storyboard in Resources */,
			);
			runOnlyForDeploymentPostprocessing = 0;
		};
/* End PBXResourcesBuildPhase section */

/* Begin PBXSourcesBuildPhase section */
		7A0C67E824EA72B200871B7F /* Sources */ = {
			isa = PBXSourcesBuildPhase;
			buildActionMask = 2147483647;
			files = (
				7A0C67F424EA72B200871B7F /* TriathleteVC.swift in Sources */,
				7A0C680424EA72F300871B7F /* Triathlete.swift in Sources */,
				7A0C680624EA732300871B7F /* TriathleteCell.swift in Sources */,
				7A0C67F024EA72B200871B7F /* AppDelegate.swift in Sources */,
				7A0C67F224EA72B200871B7F /* SceneDelegate.swift in Sources */,
				7A0C680824EA78CE00871B7F /* DetailVC.swift in Sources */,
			);
			runOnlyForDeploymentPostprocessing = 0;
		};
/* End PBXSourcesBuildPhase section */

/* Begin PBXVariantGroup section */
		7A0C67F524EA72B200871B7F /* Main.storyboard */ = {
			isa = PBXVariantGroup;
			children = (
				7A0C67F624EA72B200871B7F /* Base */,
			);
			name = Main.storyboard;
			sourceTree = "<group>";
		};
		7A0C67FA24EA72B300871B7F /* LaunchScreen.storyboard */ = {
			isa = PBXVariantGroup;
			children = (
				7A0C67FB24EA72B300871B7F /* Base */,
			);
			name = LaunchScreen.storyboard;
			sourceTree = "<group>";
		};
/* End PBXVariantGroup section */

/* Begin XCBuildConfiguration section */
		7A0C67FE24EA72B300871B7F /* Debug */ = {
			isa = XCBuildConfiguration;
			buildSettings = {
				ALWAYS_SEARCH_USER_PATHS = NO;
				CLANG_ANALYZER_NONNULL = YES;
				CLANG_ANALYZER_NUMBER_OBJECT_CONVERSION = YES_AGGRESSIVE;
				CLANG_CXX_LANGUAGE_STANDARD = "gnu++14";
				CLANG_CXX_LIBRARY = "libc++";
				CLANG_ENABLE_MODULES = YES;
				CLANG_ENABLE_OBJC_ARC = YES;
				CLANG_ENABLE_OBJC_WEAK = YES;
				CLANG_WARN_BLOCK_CAPTURE_AUTORELEASING = YES;
				CLANG_WARN_BOOL_CONVERSION = YES;
				CLANG_WARN_COMMA = YES;
				CLANG_WARN_CONSTANT_CONVERSION = YES;
				CLANG_WARN_DEPRECATED_OBJC_IMPLEMENTATIONS = YES;
				CLANG_WARN_DIRECT_OBJC_ISA_USAGE = YES_ERROR;
				CLANG_WARN_DOCUMENTATION_COMMENTS = YES;
				CLANG_WARN_EMPTY_BODY = YES;
				CLANG_WARN_ENUM_CONVERSION = YES;
				CLANG_WARN_INFINITE_RECURSION = YES;
				CLANG_WARN_INT_CONVERSION = YES;
				CLANG_WARN_NON_LITERAL_NULL_CONVERSION = YES;
				CLANG_WARN_OBJC_IMPLICIT_RETAIN_SELF = YES;
				CLANG_WARN_OBJC_LITERAL_CONVERSION = YES;
				CLANG_WARN_OBJC_ROOT_CLASS = YES_ERROR;
				CLANG_WARN_RANGE_LOOP_ANALYSIS = YES;
				CLANG_WARN_STRICT_PROTOTYPES = YES;
				CLANG_WARN_SUSPICIOUS_MOVE = YES;
				CLANG_WARN_UNGUARDED_AVAILABILITY = YES_AGGRESSIVE;
				CLANG_WARN_UNREACHABLE_CODE = YES;
				CLANG_WARN__DUPLICATE_METHOD_MATCH = YES;
				COPY_PHASE_STRIP = NO;
				DEBUG_INFORMATION_FORMAT = dwarf;
				ENABLE_STRICT_OBJC_MSGSEND = YES;
				ENABLE_TESTABILITY = YES;
				GCC_C_LANGUAGE_STANDARD = gnu11;
				GCC_DYNAMIC_NO_PIC = NO;
				GCC_NO_COMMON_BLOCKS = YES;
				GCC_OPTIMIZATION_LEVEL = 0;
				GCC_PREPROCESSOR_DEFINITIONS = (
					"DEBUG=1",
					"$(inherited)",
				);
				GCC_WARN_64_TO_32_BIT_CONVERSION = YES;
				GCC_WARN_ABOUT_RETURN_TYPE = YES_ERROR;
				GCC_WARN_UNDECLARED_SELECTOR = YES;
				GCC_WARN_UNINITIALIZED_AUTOS = YES_AGGRESSIVE;
				GCC_WARN_UNUSED_FUNCTION = YES;
				GCC_WARN_UNUSED_VARIABLE = YES;
				IPHONEOS_DEPLOYMENT_TARGET = 13.5;
				MTL_ENABLE_DEBUG_INFO = INCLUDE_SOURCE;
				MTL_FAST_MATH = YES;
				ONLY_ACTIVE_ARCH = YES;
				SDKROOT = iphoneos;
				SWIFT_ACTIVE_COMPILATION_CONDITIONS = DEBUG;
				SWIFT_OPTIMIZATION_LEVEL = "-Onone";
			};
			name = Debug;
		};
		7A0C67FF24EA72B300871B7F /* Release */ = {
			isa = XCBuildConfiguration;
			buildSettings = {
				ALWAYS_SEARCH_USER_PATHS = NO;
				CLANG_ANALYZER_NONNULL = YES;
				CLANG_ANALYZER_NUMBER_OBJECT_CONVERSION = YES_AGGRESSIVE;
				CLANG_CXX_LANGUAGE_STANDARD = "gnu++14";
				CLANG_CXX_LIBRARY = "libc++";
				CLANG_ENABLE_MODULES = YES;
				CLANG_ENABLE_OBJC_ARC = YES;
				CLANG_ENABLE_OBJC_WEAK = YES;
				CLANG_WARN_BLOCK_CAPTURE_AUTORELEASING = YES;
				CLANG_WARN_BOOL_CONVERSION = YES;
				CLANG_WARN_COMMA = YES;
				CLANG_WARN_CONSTANT_CONVERSION = YES;
				CLANG_WARN_DEPRECATED_OBJC_IMPLEMENTATIONS = YES;
				CLANG_WARN_DIRECT_OBJC_ISA_USAGE = YES_ERROR;
				CLANG_WARN_DOCUMENTATION_COMMENTS = YES;
				CLANG_WARN_EMPTY_BODY = YES;
				CLANG_WARN_ENUM_CONVERSION = YES;
				CLANG_WARN_INFINITE_RECURSION = YES;
				CLANG_WARN_INT_CONVERSION = YES;
				CLANG_WARN_NON_LITERAL_NULL_CONVERSION = YES;
				CLANG_WARN_OBJC_IMPLICIT_RETAIN_SELF = YES;
				CLANG_WARN_OBJC_LITERAL_CONVERSION = YES;
				CLANG_WARN_OBJC_ROOT_CLASS = YES_ERROR;
				CLANG_WARN_RANGE_LOOP_ANALYSIS = YES;
				CLANG_WARN_STRICT_PROTOTYPES = YES;
				CLANG_WARN_SUSPICIOUS_MOVE = YES;
				CLANG_WARN_UNGUARDED_AVAILABILITY = YES_AGGRESSIVE;
				CLANG_WARN_UNREACHABLE_CODE = YES;
				CLANG_WARN__DUPLICATE_METHOD_MATCH = YES;
				COPY_PHASE_STRIP = NO;
				DEBUG_INFORMATION_FORMAT = "dwarf-with-dsym";
				ENABLE_NS_ASSERTIONS = NO;
				ENABLE_STRICT_OBJC_MSGSEND = YES;
				GCC_C_LANGUAGE_STANDARD = gnu11;
				GCC_NO_COMMON_BLOCKS = YES;
				GCC_WARN_64_TO_32_BIT_CONVERSION = YES;
				GCC_WARN_ABOUT_RETURN_TYPE = YES_ERROR;
				GCC_WARN_UNDECLARED_SELECTOR = YES;
				GCC_WARN_UNINITIALIZED_AUTOS = YES_AGGRESSIVE;
				GCC_WARN_UNUSED_FUNCTION = YES;
				GCC_WARN_UNUSED_VARIABLE = YES;
				IPHONEOS_DEPLOYMENT_TARGET = 13.5;
				MTL_ENABLE_DEBUG_INFO = NO;
				MTL_FAST_MATH = YES;
				SDKROOT = iphoneos;
				SWIFT_COMPILATION_MODE = wholemodule;
				SWIFT_OPTIMIZATION_LEVEL = "-O";
				VALIDATE_PRODUCT = YES;
			};
			name = Release;
		};
		7A0C680124EA72B300871B7F /* Debug */ = {
			isa = XCBuildConfiguration;
			buildSettings = {
				ASSETCATALOG_COMPILER_APPICON_NAME = AppIcon;
				CODE_SIGN_STYLE = Automatic;
				DEVELOPMENT_TEAM = DRY9V64JW9;
				INFOPLIST_FILE = tri/Info.plist;
				LD_RUNPATH_SEARCH_PATHS = (
					"$(inherited)",
					"@executable_path/Frameworks",
				);
				PRODUCT_BUNDLE_IDENTIFIER = com.erykszczesniak.tri;
				PRODUCT_NAME = "$(TARGET_NAME)";
				SWIFT_VERSION = 5.0;
				TARGETED_DEVICE_FAMILY = "1,2";
			};
			name = Debug;
		};
		7A0C680224EA72B300871B7F /* Release */ = {
			isa = XCBuildConfiguration;
			buildSettings = {
				ASSETCATALOG_COMPILER_APPICON_NAME = AppIcon;
				CODE_SIGN_STYLE = Automatic;
				DEVELOPMENT_TEAM = DRY9V64JW9;
				INFOPLIST_FILE = tri/Info.plist;
				LD_RUNPATH_SEARCH_PATHS = (
					"$(inherited)",
					"@executable_path/Frameworks",
				);
				PRODUCT_BUNDLE_IDENTIFIER = com.erykszczesniak.tri;
				PRODUCT_NAME = "$(TARGET_NAME)";
				SWIFT_VERSION = 5.0;
				TARGETED_DEVICE_FAMILY = "1,2";
			};
			name = Release;
		};
/* End XCBuildConfiguration section */

/* Begin XCConfigurationList section */
		7A0C67E724EA72B200871B7F /* Build configuration list for PBXProject "tri" */ = {
			isa = XCConfigurationList;
			buildConfigurations = (
				7A0C67FE24EA72B300871B7F /* Debug */,
				7A0C67FF24EA72B300871B7F /* Release */,
			);
			defaultConfigurationIsVisible = 0;
			defaultConfigurationName = Release;
		};
		7A0C680024EA72B300871B7F /* Build configuration list for PBXNativeTarget "tri" */ = {
			isa = XCConfigurationList;
			buildConfigurations = (
				7A0C680124EA72B300871B7F /* Debug */,
				7A0C680224EA72B300871B7F /* Release */,
			);
			defaultConfigurationIsVisible = 0;
			defaultConfigurationName = Release;
		};
/* End XCConfigurationList section */
	};
	rootObject = 7A0C67E424EA72B200871B7F /* Project object */;
}
